
Microsoft Visual Studio Solution File, Format Version 12.00
# Visual Studio Version 16
VisualStudioVersion = 16.0.30204.135
MinimumVisualStudioVersion = 10.0.40219.1
Project("{9A19103F-16F7-4668-BE54-9A1E7A4F7556}") = "Dashbaord", "Dashbaord\Dashbaord.csproj", "{44DCB986-9017-4D7A-8D0E-5AF86F0EDEB4}"
EndProject
Project("{9A19103F-16F7-4668-BE54-9A1E7A4F7556}") = "GravitonLibrary", "..\NavyaEnterprises\GravitonLibrary\GravitonLibrary.csproj", "{8FD573C4-EC52-484D-9113-387E767BFC6F}"
EndProject
Project("{C7167F0D-BC9F-4E6E-AFE1-012C56B48DB5}") = "GravitonInstaller", "GravitonInstaller\GravitonInstaller.wapproj", "{31E4BC18-7566-496E-9C7E-C6C187A65521}"
EndProject
Global
	GlobalSection(SolutionConfigurationPlatforms) = preSolution
		Debug|Any CPU = Debug|Any CPU
		Debug|ARM = Debug|ARM
		Debug|ARM64 = Debug|ARM64
		Debug|x64 = Debug|x64
		Debug|x86 = Debug|x86
		Release|Any CPU = Release|Any CPU
		Release|ARM = Release|ARM
		Release|ARM64 = Release|ARM64
		Release|x64 = Release|x64
		Release|x86 = Release|x86
	EndGlobalSection
	GlobalSection(ProjectConfigurationPlatforms) = postSolution
		{44DCB986-9017-4D7A-8D0E-5AF86F0EDEB4}.Debug|Any CPU.ActiveCfg = Debug|Any CPU
		{44DCB986-9017-4D7A-8D0E-5AF86F0EDEB4}.Debug|Any CPU.Build.0 = Debug|Any CPU
		{44DCB986-9017-4D7A-8D0E-5AF86F0EDEB4}.Debug|ARM.ActiveCfg = Debug|Any CPU
		{44DCB986-9017-4D7A-8D0E-5AF86F0EDEB4}.Debug|ARM.Build.0 = Debug|Any CPU
		{44DCB986-9017-4D7A-8D0E-5AF86F0EDEB4}.Debug|ARM64.ActiveCfg = Debug|Any CPU
		{44DCB986-9017-4D7A-8D0E-5AF86F0EDEB4}.Debug|ARM64.Build.0 = Debug|Any CPU
		{44DCB986-9017-4D7A-8D0E-5AF86F0EDEB4}.Debug|x64.ActiveCfg = Debug|Any CPU
		{44DCB986-9017-4D7A-8D0E-5AF86F0EDEB4}.Debug|x64.Build.0 = Debug|Any CPU
		{44DCB986-9017-4D7A-8D0E-5AF86F0EDEB4}.Debug|x86.ActiveCfg = Debug|Any CPU
		{44DCB986-9017-4D7A-8D0E-5AF86F0EDEB4}.Debug|x86.Build.0 = Debug|Any CPU
		{44DCB986-9017-4D7A-8D0E-5AF86F0EDEB4}.Release|Any CPU.ActiveCfg = Release|Any CPU
		{44DCB986-9017-4D7A-8D0E-5AF86F0EDEB4}.Release|Any CPU.Build.0 = Release|Any CPU
		{44DCB986-9017-4D7A-8D0E-5AF86F0EDEB4}.Release|ARM.ActiveCfg = Release|Any CPU
		{44DCB986-9017-4D7A-8D0E-5AF86F0EDEB4}.Release|ARM.Build.0 = Release|Any CPU
		{44DCB986-9017-4D7A-8D0E-5AF86F0EDEB4}.Release|ARM64.ActiveCfg = Release|Any CPU
		{44DCB986-9017-4D7A-8D0E-5AF86F0EDEB4}.Release|ARM64.Build.0 = Release|Any CPU
		{44DCB986-9017-4D7A-8D0E-5AF86F0EDEB4}.Release|x64.ActiveCfg = Release|x64
		{44DCB986-9017-4D7A-8D0E-5AF86F0EDEB4}.Release|x64.Build.0 = Release|x64
		{44DCB986-9017-4D7A-8D0E-5AF86F0EDEB4}.Release|x86.ActiveCfg = Release|x86
		{44DCB986-9017-4D7A-8D0E-5AF86F0EDEB4}.Release|x86.Build.0 = Release|x86
		{8FD573C4-EC52-484D-9113-387E767BFC6F}.Debug|Any CPU.ActiveCfg = Debug|Any CPU
		{8FD573C4-EC52-484D-9113-387E767BFC6F}.Debug|Any CPU.Build.0 = Debug|Any CPU
		{8FD573C4-EC52-484D-9113-387E767BFC6F}.Debug|ARM.ActiveCfg = Debug|Any CPU
		{8FD573C4-EC52-484D-9113-387E767BFC6F}.Debug|ARM.Build.0 = Debug|Any CPU
		{8FD573C4-EC52-484D-9113-387E767BFC6F}.Debug|ARM64.ActiveCfg = Debug|Any CPU
		{8FD573C4-EC52-484D-9113-387E767BFC6F}.Debug|ARM64.Build.0 = Debug|Any CPU
		{8FD573C4-EC52-484D-9113-387E767BFC6F}.Debug|x64.ActiveCfg = Debug|Any CPU
		{8FD573C4-EC52-484D-9113-387E767BFC6F}.Debug|x64.Build.0 = Debug|Any CPU
		{8FD573C4-EC52-484D-9113-387E767BFC6F}.Debug|x86.ActiveCfg = Debug|Any CPU
		{8FD573C4-EC52-484D-9113-387E767BFC6F}.Debug|x86.Build.0 = Debug|Any CPU
		{8FD573C4-EC52-484D-9113-387E767BFC6F}.Release|Any CPU.ActiveCfg = Release|Any CPU
		{8FD573C4-EC52-484D-9113-387E767BFC6F}.Release|Any CPU.Build.0 = Release|Any CPU
		{8FD573C4-EC52-484D-9113-387E767BFC6F}.Release|ARM.ActiveCfg = Release|Any CPU
		{8FD573C4-EC52-484D-9113-387E767BFC6F}.Release|ARM.Build.0 = Release|Any CPU
		{8FD573C4-EC52-484D-9113-387E767BFC6F}.Release|ARM64.ActiveCfg = Release|Any CPU
		{8FD573C4-EC52-484D-9113-387E767BFC6F}.Release|ARM64.Build.0 = Release|Any CPU
		{8FD573C4-EC52-484D-9113-387E767BFC6F}.Release|x64.ActiveCfg = Release|x64
		{8FD573C4-EC52-484D-9113-387E767BFC6F}.Release|x64.Build.0 = Release|x64
		{8FD573C4-EC52-484D-9113-387E767BFC6F}.Release|x86.ActiveCfg = Release|x86
		{8FD573C4-EC52-484D-9113-387E767BFC6F}.Release|x86.Build.0 = Release|x86
		{31E4BC18-7566-496E-9C7E-C6C187A65521}.Debug|Any CPU.ActiveCfg = Debug|Any CPU
		{31E4BC18-7566-496E-9C7E-C6C187A65521}.Debug|Any CPU.Build.0 = Debug|Any CPU
		{31E4BC18-7566-496E-9C7E-C6C187A65521}.Debug|Any CPU.Deploy.0 = Debug|Any CPU
		{31E4BC18-7566-496E-9C7E-C6C187A65521}.Debug|ARM.ActiveCfg = Debug|ARM
		{31E4BC18-7566-496E-9C7E-C6C187A65521}.Debug|ARM.Build.0 = Debug|ARM
		{31E4BC18-7566-496E-9C7E-C6C187A65521}.Debug|ARM.Deploy.0 = Debug|ARM
		{31E4BC18-7566-496E-9C7E-C6C187A65521}.Debug|ARM64.ActiveCfg = Debug|ARM64
		{31E4BC18-7566-496E-9C7E-C6C187A65521}.Debug|ARM64.Build.0 = Debug|ARM64
		{31E4BC18-7566-496E-9C7E-C6C187A65521}.Debug|ARM64.Deploy.0 = Debug|ARM64
		{31E4BC18-7566-496E-9C7E-C6C187A65521}.Debug|x64.ActiveCfg = Debug|x64
		{31E4BC18-7566-496E-9C7E-C6C187A65521}.Debug|x64.Build.0 = Debug|x64
		{31E4BC18-7566-496E-9C7E-C6C187A65521}.Debug|x64.Deploy.0 = Debug|x64
		{31E4BC18-7566-496E-9C7E-C6C187A65521}.Debug|x86.ActiveCfg = Debug|x86
		{31E4BC18-7566-496E-9C7E-C6C187A65521}.Debug|x86.Build.0 = Debug|x86
		{31E4BC18-7566-496E-9C7E-C6C187A65521}.Debug|x86.Deploy.0 = Debug|x86
		{31E4BC18-7566-496E-9C7E-C6C187A65521}.Release|Any CPU.ActiveCfg = Release|Any CPU
		{31E4BC18-7566-496E-9C7E-C6C187A65521}.Release|Any CPU.Build.0 = Release|Any CPU
		{31E4BC18-7566-496E-9C7E-C6C187A65521}.Release|Any CPU.Deploy.0 = Release|Any CPU
		{31E4BC18-7566-496E-9C7E-C6C187A65521}.Release|ARM.ActiveCfg = Release|ARM
		{31E4BC18-7566-496E-9C7E-C6C187A65521}.Release|ARM.Build.0 = Release|ARM
		{31E4BC18-7566-496E-9C7E-C6C187A65521}.Release|ARM.Deploy.0 = Release|ARM
		{31E4BC18-7566-496E-9C7E-C6C187A65521}.Release|ARM64.ActiveCfg = Release|ARM64
		{31E4BC18-7566-496E-9C7E-C6C187A65521}.Release|ARM64.Build.0 = Release|ARM64
		{31E4BC18-7566-496E-9C7E-C6C187A65521}.Release|ARM64.Deploy.0 = Release|ARM64
		{31E4BC18-7566-496E-9C7E-C6C187A65521}.Release|x64.ActiveCfg = Release|x64
		{31E4BC18-7566-496E-9C7E-C6C187A65521}.Release|x64.Build.0 = Release|x64
		{31E4BC18-7566-496E-9C7E-C6C187A65521}.Release|x64.Deploy.0 = Release|x64
		{31E4BC18-7566-496E-9C7E-C6C187A65521}.Release|x86.ActiveCfg = Release|x86
		{31E4BC18-7566-496E-9C7E-C6C187A65521}.Release|x86.Build.0 = Release|x86
		{31E4BC18-7566-496E-9C7E-C6C187A65521}.Release|x86.Deploy.0 = Release|x86
	EndGlobalSection
	GlobalSection(SolutionProperties) = preSolution
		HideSolutionNode = FALSE
	EndGlobalSection
	GlobalSection(ExtensibilityGlobals) = postSolution
		SolutionGuid = {8F9E784D-E4CA-4D6E-AA6D-147E4EE8819D}
	EndGlobalSection
EndGlobal
